// !$*UTF8*$!
{
	archiveVersion = 1;
	classes = {
	};
	objectVersion = 50;
	objects = {

/* Begin PBXBuildFile section */
		8E7DB68623CC7DDE0059A9AB /* AppDelegate.m in Sources */ = {isa = PBXBuildFile; fileRef = 8E7DB68523CC7DDE0059A9AB /* AppDelegate.m */; };
		8E7DB68923CC7DDE0059A9AB /* SceneDelegate.m in Sources */ = {isa = PBXBuildFile; fileRef = 8E7DB68823CC7DDE0059A9AB /* SceneDelegate.m */; };
		8E7DB68C23CC7DDE0059A9AB /* ViewController.m in Sources */ = {isa = PBXBuildFile; fileRef = 8E7DB68B23CC7DDE0059A9AB /* ViewController.m */; };
		8E7DB68F23CC7DDE0059A9AB /* Main.storyboard in Resources */ = {isa = PBXBuildFile; fileRef = 8E7DB68D23CC7DDE0059A9AB /* Main.storyboard */; };
		8E7DB69123CC7DE40059A9AB /* Assets.xcassets in Resources */ = {isa = PBXBuildFile; fileRef = 8E7DB69023CC7DE40059A9AB /* Assets.xcassets */; };
		8E7DB69423CC7DE40059A9AB /* LaunchScreen.storyboard in Resources */ = {isa = PBXBuildFile; fileRef = 8E7DB69223CC7DE40059A9AB /* LaunchScreen.storyboard */; };
		8E7DB69723CC7DE40059A9AB /* main.m in Sources */ = {isa = PBXBuildFile; fileRef = 8E7DB69623CC7DE40059A9AB /* main.m */; };
		8E7DB6A123CC7DE50059A9AB /* appenOmMigTests.m in Sources */ = {isa = PBXBuildFile; fileRef = 8E7DB6A023CC7DE50059A9AB /* appenOmMigTests.m */; };
		8E7DB6AC23CC7DE50059A9AB /* appenOmMigUITests.m in Sources */ = {isa = PBXBuildFile; fileRef = 8E7DB6AB23CC7DE50059A9AB /* appenOmMigUITests.m */; };
/* End PBXBuildFile section */

/* Begin PBXContainerItemProxy section */
		8E7DB69D23CC7DE50059A9AB /* PBXContainerItemProxy */ = {
			isa = PBXContainerItemProxy;
			containerPortal = 8E7DB67923CC7DDE0059A9AB /* Project object */;
			proxyType = 1;
			remoteGlobalIDString = 8E7DB68023CC7DDE0059A9AB;
			remoteInfo = appenOmMig;
		};
		8E7DB6A823CC7DE50059A9AB /* PBXContainerItemProxy */ = {
			isa = PBXContainerItemProxy;
			containerPortal = 8E7DB67923CC7DDE0059A9AB /* Project object */;
			proxyType = 1;
			remoteGlobalIDString = 8E7DB68023CC7DDE0059A9AB;
			remoteInfo = appenOmMig;
		};
/* End PBXContainerItemProxy section */

/* Begin PBXFileReference section */
		8E7DB68123CC7DDE0059A9AB /* appenOmMig.app */ = {isa = PBXFileReference; explicitFileType = wrapper.application; includeInIndex = 0; path = appenOmMig.app; sourceTree = BUILT_PRODUCTS_DIR; };
		8E7DB68423CC7DDE0059A9AB /* AppDelegate.h */ = {isa = PBXFileReference; lastKnownFileType = sourcecode.c.h; path = AppDelegate.h; sourceTree = "<group>"; };
		8E7DB68523CC7DDE0059A9AB /* AppDelegate.m */ = {isa = PBXFileReference; lastKnownFileType = sourcecode.c.objc; path = AppDelegate.m; sourceTree = "<group>"; };
		8E7DB68723CC7DDE0059A9AB /* SceneDelegate.h */ = {isa = PBXFileReference; lastKnownFileType = sourcecode.c.h; path = SceneDelegate.h; sourceTree = "<group>"; };
		8E7DB68823CC7DDE0059A9AB /* SceneDelegate.m */ = {isa = PBXFileReference; lastKnownFileType = sourcecode.c.objc; path = SceneDelegate.m; sourceTree = "<group>"; };
		8E7DB68A23CC7DDE0059A9AB /* ViewController.h */ = {isa = PBXFileReference; lastKnownFileType = sourcecode.c.h; path = ViewController.h; sourceTree = "<group>"; };
		8E7DB68B23CC7DDE0059A9AB /* ViewController.m */ = {isa = PBXFileReference; lastKnownFileType = sourcecode.c.objc; path = ViewController.m; sourceTree = "<group>"; };
		8E7DB68E23CC7DDE0059A9AB /* Base */ = {isa = PBXFileReference; lastKnownFileType = file.storyboard; name = Base; path = Base.lproj/Main.storyboard; sourceTree = "<group>"; };
		8E7DB69023CC7DE40059A9AB /* Assets.xcassets */ = {isa = PBXFileReference; lastKnownFileType = folder.assetcatalog; path = Assets.xcassets; sourceTree = "<group>"; };
		8E7DB69323CC7DE40059A9AB /* Base */ = {isa = PBXFileReference; lastKnownFileType = file.storyboard; name = Base; path = Base.lproj/LaunchScreen.storyboard; sourceTree = "<group>"; };
		8E7DB69523CC7DE40059A9AB /* Info.plist */ = {isa = PBXFileReference; lastKnownFileType = text.plist.xml; path = Info.plist; sourceTree = "<group>"; };
		8E7DB69623CC7DE40059A9AB /* main.m */ = {isa = PBXFileReference; lastKnownFileType = sourcecode.c.objc; path = main.m; sourceTree = "<group>"; };
		8E7DB69C23CC7DE50059A9AB /* appenOmMigTests.xctest */ = {isa = PBXFileReference; explicitFileType = wrapper.cfbundle; includeInIndex = 0; path = appenOmMigTests.xctest; sourceTree = BUILT_PRODUCTS_DIR; };
		8E7DB6A023CC7DE50059A9AB /* appenOmMigTests.m */ = {isa = PBXFileReference; lastKnownFileType = sourcecode.c.objc; path = appenOmMigTests.m; sourceTree = "<group>"; };
		8E7DB6A223CC7DE50059A9AB /* Info.plist */ = {isa = PBXFileReference; lastKnownFileType = text.plist.xml; path = Info.plist; sourceTree = "<group>"; };
		8E7DB6A723CC7DE50059A9AB /* appenOmMigUITests.xctest */ = {isa = PBXFileReference; explicitFileType = wrapper.cfbundle; includeInIndex = 0; path = appenOmMigUITests.xctest; sourceTree = BUILT_PRODUCTS_DIR; };
		8E7DB6AB23CC7DE50059A9AB /* appenOmMigUITests.m */ = {isa = PBXFileReference; lastKnownFileType = sourcecode.c.objc; path = appenOmMigUITests.m; sourceTree = "<group>"; };
		8E7DB6AD23CC7DE50059A9AB /* Info.plist */ = {isa = PBXFileReference; lastKnownFileType = text.plist.xml; path = Info.plist; sourceTree = "<group>"; };
/* End PBXFileReference section */

/* Begin PBXFrameworksBuildPhase section */
		8E7DB67E23CC7DDE0059A9AB /* Frameworks */ = {
			isa = PBXFrameworksBuildPhase;
			buildActionMask = 2147483647;
			files = (
			);
			runOnlyForDeploymentPostprocessing = 0;
		};
		8E7DB69923CC7DE50059A9AB /* Frameworks */ = {
			isa = PBXFrameworksBuildPhase;
			buildActionMask = 2147483647;
			files = (
			);
			runOnlyForDeploymentPostprocessing = 0;
		};
		8E7DB6A423CC7DE50059A9AB /* Frameworks */ = {
			isa = PBXFrameworksBuildPhase;
			buildActionMask = 2147483647;
			files = (
			);
			runOnlyForDeploymentPostprocessing = 0;
		};
/* End PBXFrameworksBuildPhase section */

/* Begin PBXGroup section */
		8E7DB67823CC7DDE0059A9AB = {
			isa = PBXGroup;
			children = (
				8E7DB68323CC7DDE0059A9AB /* appenOmMig */,
				8E7DB69F23CC7DE50059A9AB /* appenOmMigTests */,
				8E7DB6AA23CC7DE50059A9AB /* appenOmMigUITests */,
				8E7DB68223CC7DDE0059A9AB /* Products */,
			);
			sourceTree = "<group>";
		};
		8E7DB68223CC7DDE0059A9AB /* Products */ = {
			isa = PBXGroup;
			children = (
				8E7DB68123CC7DDE0059A9AB /* appenOmMig.app */,
				8E7DB69C23CC7DE50059A9AB /* appenOmMigTests.xctest */,
				8E7DB6A723CC7DE50059A9AB /* appenOmMigUITests.xctest */,
			);
			name = Products;
			sourceTree = "<group>";
		};
		8E7DB68323CC7DDE0059A9AB /* appenOmMig */ = {
			isa = PBXGroup;
			children = (
				8E7DB68423CC7DDE0059A9AB /* AppDelegate.h */,
				8E7DB68523CC7DDE0059A9AB /* AppDelegate.m */,
				8E7DB68723CC7DDE0059A9AB /* SceneDelegate.h */,
				8E7DB68823CC7DDE0059A9AB /* SceneDelegate.m */,
				8E7DB68A23CC7DDE0059A9AB /* ViewController.h */,
				8E7DB68B23CC7DDE0059A9AB /* ViewController.m */,
				8E7DB68D23CC7DDE0059A9AB /* Main.storyboard */,
				8E7DB69023CC7DE40059A9AB /* Assets.xcassets */,
				8E7DB69223CC7DE40059A9AB /* LaunchScreen.storyboard */,
				8E7DB69523CC7DE40059A9AB /* Info.plist */,
				8E7DB69623CC7DE40059A9AB /* main.m */,
			);
			path = appenOmMig;
			sourceTree = "<group>";
		};
		8E7DB69F23CC7DE50059A9AB /* appenOmMigTests */ = {
			isa = PBXGroup;
			children = (
				8E7DB6A023CC7DE50059A9AB /* appenOmMigTests.m */,
				8E7DB6A223CC7DE50059A9AB /* Info.plist */,
			);
			path = appenOmMigTests;
			sourceTree = "<group>";
		};
		8E7DB6AA23CC7DE50059A9AB /* appenOmMigUITests */ = {
			isa = PBXGroup;
			children = (
				8E7DB6AB23CC7DE50059A9AB /* appenOmMigUITests.m */,
				8E7DB6AD23CC7DE50059A9AB /* Info.plist */,
			);
			path = appenOmMigUITests;
			sourceTree = "<group>";
		};
/* End PBXGroup section */

/* Begin PBXNativeTarget section */
		8E7DB68023CC7DDE0059A9AB /* appenOmMig */ = {
			isa = PBXNativeTarget;
			buildConfigurationList = 8E7DB6B023CC7DE50059A9AB /* Build configuration list for PBXNativeTarget "appenOmMig" */;
			buildPhases = (
				8E7DB67D23CC7DDE0059A9AB /* Sources */,
				8E7DB67E23CC7DDE0059A9AB /* Frameworks */,
				8E7DB67F23CC7DDE0059A9AB /* Resources */,
			);
			buildRules = (
			);
			dependencies = (
			);
			name = appenOmMig;
			productName = appenOmMig;
			productReference = 8E7DB68123CC7DDE0059A9AB /* appenOmMig.app */;
			productType = "com.apple.product-type.application";
		};
		8E7DB69B23CC7DE50059A9AB /* appenOmMigTests */ = {
			isa = PBXNativeTarget;
			buildConfigurationList = 8E7DB6B323CC7DE50059A9AB /* Build configuration list for PBXNativeTarget "appenOmMigTests" */;
			buildPhases = (
				8E7DB69823CC7DE50059A9AB /* Sources */,
				8E7DB69923CC7DE50059A9AB /* Frameworks */,
				8E7DB69A23CC7DE50059A9AB /* Resources */,
			);
			buildRules = (
			);
			dependencies = (
				8E7DB69E23CC7DE50059A9AB /* PBXTargetDependency */,
			);
			name = appenOmMigTests;
			productName = appenOmMigTests;
			productReference = 8E7DB69C23CC7DE50059A9AB /* appenOmMigTests.xctest */;
			productType = "com.apple.product-type.bundle.unit-test";
		};
		8E7DB6A623CC7DE50059A9AB /* appenOmMigUITests */ = {
			isa = PBXNativeTarget;
			buildConfigurationList = 8E7DB6B623CC7DE50059A9AB /* Build configuration list for PBXNativeTarget "appenOmMigUITests" */;
			buildPhases = (
				8E7DB6A323CC7DE50059A9AB /* Sources */,
				8E7DB6A423CC7DE50059A9AB /* Frameworks */,
				8E7DB6A523CC7DE50059A9AB /* Resources */,
			);
			buildRules = (
			);
			dependencies = (
				8E7DB6A923CC7DE50059A9AB /* PBXTargetDependency */,
			);
			name = appenOmMigUITests;
			productName = appenOmMigUITests;
			productReference = 8E7DB6A723CC7DE50059A9AB /* appenOmMigUITests.xctest */;
			productType = "com.apple.product-type.bundle.ui-testing";
		};
/* End PBXNativeTarget section */

/* Begin PBXProject section */
		8E7DB67923CC7DDE0059A9AB /* Project object */ = {
			isa = PBXProject;
			attributes = {
				LastUpgradeCheck = 1120;
				ORGANIZATIONNAME = "Henrik Doré";
				TargetAttributes = {
					8E7DB68023CC7DDE0059A9AB = {
						CreatedOnToolsVersion = 11.2.1;
					};
					8E7DB69B23CC7DE50059A9AB = {
						CreatedOnToolsVersion = 11.2.1;
						TestTargetID = 8E7DB68023CC7DDE0059A9AB;
					};
					8E7DB6A623CC7DE50059A9AB = {
						CreatedOnToolsVersion = 11.2.1;
						TestTargetID = 8E7DB68023CC7DDE0059A9AB;
					};
				};
			};
			buildConfigurationList = 8E7DB67C23CC7DDE0059A9AB /* Build configuration list for PBXProject "appenOmMig" */;
			compatibilityVersion = "Xcode 9.3";
			developmentRegion = en;
			hasScannedForEncodings = 0;
			knownRegions = (
				en,
				Base,
			);
			mainGroup = 8E7DB67823CC7DDE0059A9AB;
			productRefGroup = 8E7DB68223CC7DDE0059A9AB /* Products */;
			projectDirPath = "";
			projectRoot = "";
			targets = (
				8E7DB68023CC7DDE0059A9AB /* appenOmMig */,
				8E7DB69B23CC7DE50059A9AB /* appenOmMigTests */,
				8E7DB6A623CC7DE50059A9AB /* appenOmMigUITests */,
			);
		};
/* End PBXProject section */

/* Begin PBXResourcesBuildPhase section */
		8E7DB67F23CC7DDE0059A9AB /* Resources */ = {
			isa = PBXResourcesBuildPhase;
			buildActionMask = 2147483647;
			files = (
				8E7DB69423CC7DE40059A9AB /* LaunchScreen.storyboard in Resources */,
				8E7DB69123CC7DE40059A9AB /* Assets.xcassets in Resources */,
				8E7DB68F23CC7DDE0059A9AB /* Main.storyboard in Resources */,
			);
			runOnlyForDeploymentPostprocessing = 0;
		};
		8E7DB69A23CC7DE50059A9AB /* Resources */ = {
			isa = PBXResourcesBuildPhase;
			buildActionMask = 2147483647;
			files = (
			);
			runOnlyForDeploymentPostprocessing = 0;
		};
		8E7DB6A523CC7DE50059A9AB /* Resources */ = {
			isa = PBXResourcesBuildPhase;
			buildActionMask = 2147483647;
			files = (
			);
			runOnlyForDeploymentPostprocessing = 0;
		};
/* End PBXResourcesBuildPhase section */

/* Begin PBXSourcesBuildPhase section */
		8E7DB67D23CC7DDE0059A9AB /* Sources */ = {
			isa = PBXSourcesBuildPhase;
			buildActionMask = 2147483647;
			files = (
				8E7DB68C23CC7DDE0059A9AB /* ViewController.m in Sources */,
				8E7DB68623CC7DDE0059A9AB /* AppDelegate.m in Sources */,
				8E7DB69723CC7DE40059A9AB /* main.m in Sources */,
				8E7DB68923CC7DDE0059A9AB /* SceneDelegate.m in Sources */,
			);
			runOnlyForDeploymentPostprocessing = 0;
		};
		8E7DB69823CC7DE50059A9AB /* Sources */ = {
			isa = PBXSourcesBuildPhase;
			buildActionMask = 2147483647;
			files = (
				8E7DB6A123CC7DE50059A9AB /* appenOmMigTests.m in Sources */,
			);
			runOnlyForDeploymentPostprocessing = 0;
		};
		8E7DB6A323CC7DE50059A9AB /* Sources */ = {
			isa = PBXSourcesBuildPhase;
			buildActionMask = 2147483647;
			files = (
				8E7DB6AC23CC7DE50059A9AB /* appenOmMigUITests.m in Sources */,
			);
			runOnlyForDeploymentPostprocessing = 0;
		};
/* End PBXSourcesBuildPhase section */

/* Begin PBXTargetDependency section */
		8E7DB69E23CC7DE50059A9AB /* PBXTargetDependency */ = {
			isa = PBXTargetDependency;
			target = 8E7DB68023CC7DDE0059A9AB /* appenOmMig */;
			targetProxy = 8E7DB69D23CC7DE50059A9AB /* PBXContainerItemProxy */;
		};
		8E7DB6A923CC7DE50059A9AB /* PBXTargetDependency */ = {
			isa = PBXTargetDependency;
			target = 8E7DB68023CC7DDE0059A9AB /* appenOmMig */;
			targetProxy = 8E7DB6A823CC7DE50059A9AB /* PBXContainerItemProxy */;
		};
/* End PBXTargetDependency section */

/* Begin PBXVariantGroup section */
		8E7DB68D23CC7DDE0059A9AB /* Main.storyboard */ = {
			isa = PBXVariantGroup;
			children = (
				8E7DB68E23CC7DDE0059A9AB /* Base */,
			);
			name = Main.storyboard;
			sourceTree = "<group>";
		};
		8E7DB69223CC7DE40059A9AB /* LaunchScreen.storyboard */ = {
			isa = PBXVariantGroup;
			children = (
				8E7DB69323CC7DE40059A9AB /* Base */,
			);
			name = LaunchScreen.storyboard;
			sourceTree = "<group>";
		};
/* End PBXVariantGroup section */

/* Begin XCBuildConfiguration section */
		8E7DB6AE23CC7DE50059A9AB /* Debug */ = {
			isa = XCBuildConfiguration;
			buildSettings = {
				ALWAYS_SEARCH_USER_PATHS = NO;
				CLANG_ANALYZER_NONNULL = YES;
				CLANG_ANALYZER_NUMBER_OBJECT_CONVERSION = YES_AGGRESSIVE;
				CLANG_CXX_LANGUAGE_STANDARD = "gnu++14";
				CLANG_CXX_LIBRARY = "libc++";
				CLANG_ENABLE_MODULES = YES;
				CLANG_ENABLE_OBJC_ARC = YES;
				CLANG_ENABLE_OBJC_WEAK = YES;
				CLANG_WARN_BLOCK_CAPTURE_AUTORELEASING = YES;
				CLANG_WARN_BOOL_CONVERSION = YES;
				CLANG_WARN_COMMA = YES;
				CLANG_WARN_CONSTANT_CONVERSION = YES;
				CLANG_WARN_DEPRECATED_OBJC_IMPLEMENTATIONS = YES;
				CLANG_WARN_DIRECT_OBJC_ISA_USAGE = YES_ERROR;
				CLANG_WARN_DOCUMENTATION_COMMENTS = YES;
				CLANG_WARN_EMPTY_BODY = YES;
				CLANG_WARN_ENUM_CONVERSION = YES;
				CLANG_WARN_INFINITE_RECURSION = YES;
				CLANG_WARN_INT_CONVERSION = YES;
				CLANG_WARN_NON_LITERAL_NULL_CONVERSION = YES;
				CLANG_WARN_OBJC_IMPLICIT_RETAIN_SELF = YES;
				CLANG_WARN_OBJC_LITERAL_CONVERSION = YES;
				CLANG_WARN_OBJC_ROOT_CLASS = YES_ERROR;
				CLANG_WARN_RANGE_LOOP_ANALYSIS = YES;
				CLANG_WARN_STRICT_PROTOTYPES = YES;
				CLANG_WARN_SUSPICIOUS_MOVE = YES;
				CLANG_WARN_UNGUARDED_AVAILABILITY = YES_AGGRESSIVE;
				CLANG_WARN_UNREACHABLE_CODE = YES;
				CLANG_WARN__DUPLICATE_METHOD_MATCH = YES;
				COPY_PHASE_STRIP = NO;
				DEBUG_INFORMATION_FORMAT = dwarf;
				ENABLE_STRICT_OBJC_MSGSEND = YES;
				ENABLE_TESTABILITY = YES;
				GCC_C_LANGUAGE_STANDARD = gnu11;
				GCC_DYNAMIC_NO_PIC = NO;
				GCC_NO_COMMON_BLOCKS = YES;
				GCC_OPTIMIZATION_LEVEL = 0;
				GCC_PREPROCESSOR_DEFINITIONS = (
					"DEBUG=1",
					"$(inherited)",
				);
				GCC_WARN_64_TO_32_BIT_CONVERSION = YES;
				GCC_WARN_ABOUT_RETURN_TYPE = YES_ERROR;
				GCC_WARN_UNDECLARED_SELECTOR = YES;
				GCC_WARN_UNINITIALIZED_AUTOS = YES_AGGRESSIVE;
				GCC_WARN_UNUSED_FUNCTION = YES;
				GCC_WARN_UNUSED_VARIABLE = YES;
				IPHONEOS_DEPLOYMENT_TARGET = 13.2;
				MTL_ENABLE_DEBUG_INFO = INCLUDE_SOURCE;
				MTL_FAST_MATH = YES;
				ONLY_ACTIVE_ARCH = YES;
				SDKROOT = iphoneos;
			};
			name = Debug;
		};
		8E7DB6AF23CC7DE50059A9AB /* Release */ = {
			isa = XCBuildConfiguration;
			buildSettings = {
				ALWAYS_SEARCH_USER_PATHS = NO;
				CLANG_ANALYZER_NONNULL = YES;
				CLANG_ANALYZER_NUMBER_OBJECT_CONVERSION = YES_AGGRESSIVE;
				CLANG_CXX_LANGUAGE_STANDARD = "gnu++14";
				CLANG_CXX_LIBRARY = "libc++";
				CLANG_ENABLE_MODULES = YES;
				CLANG_ENABLE_OBJC_ARC = YES;
				CLANG_ENABLE_OBJC_WEAK = YES;
				CLANG_WARN_BLOCK_CAPTURE_AUTORELEASING = YES;
				CLANG_WARN_BOOL_CONVERSION = YES;
				CLANG_WARN_COMMA = YES;
				CLANG_WARN_CONSTANT_CONVERSION = YES;
				CLANG_WARN_DEPRECATED_OBJC_IMPLEMENTATIONS = YES;
				CLANG_WARN_DIRECT_OBJC_ISA_USAGE = YES_ERROR;
				CLANG_WARN_DOCUMENTATION_COMMENTS = YES;
				CLANG_WARN_EMPTY_BODY = YES;
				CLANG_WARN_ENUM_CONVERSION = YES;
				CLANG_WARN_INFINITE_RECURSION = YES;
				CLANG_WARN_INT_CONVERSION = YES;
				CLANG_WARN_NON_LITERAL_NULL_CONVERSION = YES;
				CLANG_WARN_OBJC_IMPLICIT_RETAIN_SELF = YES;
				CLANG_WARN_OBJC_LITERAL_CONVERSION = YES;
				CLANG_WARN_OBJC_ROOT_CLASS = YES_ERROR;
				CLANG_WARN_RANGE_LOOP_ANALYSIS = YES;
				CLANG_WARN_STRICT_PROTOTYPES = YES;
				CLANG_WARN_SUSPICIOUS_MOVE = YES;
				CLANG_WARN_UNGUARDED_AVAILABILITY = YES_AGGRESSIVE;
				CLANG_WARN_UNREACHABLE_CODE = YES;
				CLANG_WARN__DUPLICATE_METHOD_MATCH = YES;
				COPY_PHASE_STRIP = NO;
				DEBUG_INFORMATION_FORMAT = "dwarf-with-dsym";
				ENABLE_NS_ASSERTIONS = NO;
				ENABLE_STRICT_OBJC_MSGSEND = YES;
				GCC_C_LANGUAGE_STANDARD = gnu11;
				GCC_NO_COMMON_BLOCKS = YES;
				GCC_WARN_64_TO_32_BIT_CONVERSION = YES;
				GCC_WARN_ABOUT_RETURN_TYPE = YES_ERROR;
				GCC_WARN_UNDECLARED_SELECTOR = YES;
				GCC_WARN_UNINITIALIZED_AUTOS = YES_AGGRESSIVE;
				GCC_WARN_UNUSED_FUNCTION = YES;
				GCC_WARN_UNUSED_VARIABLE = YES;
				IPHONEOS_DEPLOYMENT_TARGET = 13.2;
				MTL_ENABLE_DEBUG_INFO = NO;
				MTL_FAST_MATH = YES;
				SDKROOT = iphoneos;
				VALIDATE_PRODUCT = YES;
			};
			name = Release;
		};
		8E7DB6B123CC7DE50059A9AB /* Debug */ = {
			isa = XCBuildConfiguration;
			buildSettings = {
				ASSETCATALOG_COMPILER_APPICON_NAME = AppIcon;
				CODE_SIGN_STYLE = Automatic;
				DEVELOPMENT_TEAM = TTAWR9TQMD;
				INFOPLIST_FILE = appenOmMig/Info.plist;
				LD_RUNPATH_SEARCH_PATHS = (
					"$(inherited)",
					"@executable_path/Frameworks",
				);
				PRODUCT_BUNDLE_IDENTIFIER = com.HenrikDore.appenOmMig;
				PRODUCT_NAME = "$(TARGET_NAME)";
				TARGETED_DEVICE_FAMILY = "1,2";
			};
			name = Debug;
		};
		8E7DB6B223CC7DE50059A9AB /* Release */ = {
			isa = XCBuildConfiguration;
			buildSettings = {
				ASSETCATALOG_COMPILER_APPICON_NAME = AppIcon;
				CODE_SIGN_STYLE = Automatic;
				DEVELOPMENT_TEAM = TTAWR9TQMD;
				INFOPLIST_FILE = appenOmMig/Info.plist;
				LD_RUNPATH_SEARCH_PATHS = (
					"$(inherited)",
					"@executable_path/Frameworks",
				);
				PRODUCT_BUNDLE_IDENTIFIER = com.HenrikDore.appenOmMig;
				PRODUCT_NAME = "$(TARGET_NAME)";
				TARGETED_DEVICE_FAMILY = "1,2";
			};
			name = Release;
		};
		8E7DB6B423CC7DE50059A9AB /* Debug */ = {
			isa = XCBuildConfiguration;
			buildSettings = {
				BUNDLE_LOADER = "$(TEST_HOST)";
				CODE_SIGN_STYLE = Automatic;
				DEVELOPMENT_TEAM = TTAWR9TQMD;
				INFOPLIST_FILE = appenOmMigTests/Info.plist;
				IPHONEOS_DEPLOYMENT_TARGET = 13.2;
				LD_RUNPATH_SEARCH_PATHS = (
					"$(inherited)",
					"@executable_path/Frameworks",
					"@loader_path/Frameworks",
				);
				PRODUCT_BUNDLE_IDENTIFIER = com.HenrikDore.appenOmMigTests;
				PRODUCT_NAME = "$(TARGET_NAME)";
				TARGETED_DEVICE_FAMILY = "1,2";
				TEST_HOST = "$(BUILT_PRODUCTS_DIR)/appenOmMig.app/appenOmMig";
			};
			name = Debug;
		};
		8E7DB6B523CC7DE50059A9AB /* Release */ = {
			isa = XCBuildConfiguration;
			buildSettings = {
				BUNDLE_LOADER = "$(TEST_HOST)";
				CODE_SIGN_STYLE = Automatic;
				DEVELOPMENT_TEAM = TTAWR9TQMD;
				INFOPLIST_FILE = appenOmMigTests/Info.plist;
				IPHONEOS_DEPLOYMENT_TARGET = 13.2;
				LD_RUNPATH_SEARCH_PATHS = (
					"$(inherited)",
					"@executable_path/Frameworks",
					"@loader_path/Frameworks",
				);
				PRODUCT_BUNDLE_IDENTIFIER = com.HenrikDore.appenOmMigTests;
				PRODUCT_NAME = "$(TARGET_NAME)";
				TARGETED_DEVICE_FAMILY = "1,2";
				TEST_HOST = "$(BUILT_PRODUCTS_DIR)/appenOmMig.app/appenOmMig";
			};
			name = Release;
		};
		8E7DB6B723CC7DE50059A9AB /* Debug */ = {
			isa = XCBuildConfiguration;
			buildSettings = {
				CODE_SIGN_STYLE = Automatic;
				DEVELOPMENT_TEAM = TTAWR9TQMD;
				INFOPLIST_FILE = appenOmMigUITests/Info.plist;
				LD_RUNPATH_SEARCH_PATHS = (
					"$(inherited)",
					"@executable_path/Frameworks",
					"@loader_path/Frameworks",
				);
				PRODUCT_BUNDLE_IDENTIFIER = com.HenrikDore.appenOmMigUITests;
				PRODUCT_NAME = "$(TARGET_NAME)";
				TARGETED_DEVICE_FAMILY = "1,2";
				TEST_TARGET_NAME = appenOmMig;
			};
			name = Debug;
		};
		8E7DB6B823CC7DE50059A9AB /* Release */ = {
			isa = XCBuildConfiguration;
			buildSettings = {
				CODE_SIGN_STYLE = Automatic;
				DEVELOPMENT_TEAM = TTAWR9TQMD;
				INFOPLIST_FILE = appenOmMigUITests/Info.plist;
				LD_RUNPATH_SEARCH_PATHS = (
					"$(inherited)",
					"@executable_path/Frameworks",
					"@loader_path/Frameworks",
				);
				PRODUCT_BUNDLE_IDENTIFIER = com.HenrikDore.appenOmMigUITests;
				PRODUCT_NAME = "$(TARGET_NAME)";
				TARGETED_DEVICE_FAMILY = "1,2";
				TEST_TARGET_NAME = appenOmMig;
			};
			name = Release;
		};
/* End XCBuildConfiguration section */

/* Begin XCConfigurationList section */
		8E7DB67C23CC7DDE0059A9AB /* Build configuration list for PBXProject "appenOmMig" */ = {
			isa = XCConfigurationList;
			buildConfigurations = (
				8E7DB6AE23CC7DE50059A9AB /* Debug */,
				8E7DB6AF23CC7DE50059A9AB /* Release */,
			);
			defaultConfigurationIsVisible = 0;
			defaultConfigurationName = Release;
		};
		8E7DB6B023CC7DE50059A9AB /* Build configuration list for PBXNativeTarget "appenOmMig" */ = {
			isa = XCConfigurationList;
			buildConfigurations = (
				8E7DB6B123CC7DE50059A9AB /* Debug */,
				8E7DB6B223CC7DE50059A9AB /* Release */,
			);
			defaultConfigurationIsVisible = 0;
			defaultConfigurationName = Release;
		};
		8E7DB6B323CC7DE50059A9AB /* Build configuration list for PBXNativeTarget "appenOmMigTests" */ = {
			isa = XCConfigurationList;
			buildConfigurations = (
				8E7DB6B423CC7DE50059A9AB /* Debug */,
				8E7DB6B523CC7DE50059A9AB /* Release */,
			);
			defaultConfigurationIsVisible = 0;
			defaultConfigurationName = Release;
		};
		8E7DB6B623CC7DE50059A9AB /* Build configuration list for PBXNativeTarget "appenOmMigUITests" */ = {
			isa = XCConfigurationList;
			buildConfigurations = (
				8E7DB6B723CC7DE50059A9AB /* Debug */,
				8E7DB6B823CC7DE50059A9AB /* Release */,
			);
			defaultConfigurationIsVisible = 0;
			defaultConfigurationName = Release;
		};
/* End XCConfigurationList section */
	};
	rootObject = 8E7DB67923CC7DDE0059A9AB /* Project object */;
}
